// !$*UTF8*$!
{
	archiveVersion = 1;
	classes = {
	};
	objectVersion = 50;
	objects = {

/* Begin PBXBuildFile section */
		8461493525EB819D00C5CE7C /* PlayingCardView.swift in Sources */ = {isa = PBXBuildFile; fileRef = 8461493425EB819D00C5CE7C /* PlayingCardView.swift */; };
		84B04CE225E7FE3900D3A26D /* AppDelegate.swift in Sources */ = {isa = PBXBuildFile; fileRef = 84B04CE125E7FE3900D3A26D /* AppDelegate.swift */; };
		84B04CE425E7FE3900D3A26D /* SceneDelegate.swift in Sources */ = {isa = PBXBuildFile; fileRef = 84B04CE325E7FE3900D3A26D /* SceneDelegate.swift */; };
		84B04CE625E7FE3900D3A26D /* ViewController.swift in Sources */ = {isa = PBXBuildFile; fileRef = 84B04CE525E7FE3900D3A26D /* ViewController.swift */; };
		84B04CE925E7FE3900D3A26D /* Main.storyboard in Resources */ = {isa = PBXBuildFile; fileRef = 84B04CE725E7FE3900D3A26D /* Main.storyboard */; };
		84B04CEB25E7FE3D00D3A26D /* Assets.xcassets in Resources */ = {isa = PBXBuildFile; fileRef = 84B04CEA25E7FE3D00D3A26D /* Assets.xcassets */; };
		84B04CEE25E7FE3D00D3A26D /* LaunchScreen.storyboard in Resources */ = {isa = PBXBuildFile; fileRef = 84B04CEC25E7FE3D00D3A26D /* LaunchScreen.storyboard */; };
		84B04CF925E7FE9400D3A26D /* PlayingCard.swift in Sources */ = {isa = PBXBuildFile; fileRef = 84B04CF825E7FE9400D3A26D /* PlayingCard.swift */; };
		84B04CFC25E810F100D3A26D /* PlayingCardDeck.swift in Sources */ = {isa = PBXBuildFile; fileRef = 84B04CFB25E810F100D3A26D /* PlayingCardDeck.swift */; };
/* End PBXBuildFile section */

/* Begin PBXFileReference section */
		8461493425EB819D00C5CE7C /* PlayingCardView.swift */ = {isa = PBXFileReference; lastKnownFileType = sourcecode.swift; path = PlayingCardView.swift; sourceTree = "<group>"; };
		84B04CDE25E7FE3900D3A26D /* PlayingCard.app */ = {isa = PBXFileReference; explicitFileType = wrapper.application; includeInIndex = 0; path = PlayingCard.app; sourceTree = BUILT_PRODUCTS_DIR; };
		84B04CE125E7FE3900D3A26D /* AppDelegate.swift */ = {isa = PBXFileReference; lastKnownFileType = sourcecode.swift; path = AppDelegate.swift; sourceTree = "<group>"; };
		84B04CE325E7FE3900D3A26D /* SceneDelegate.swift */ = {isa = PBXFileReference; lastKnownFileType = sourcecode.swift; path = SceneDelegate.swift; sourceTree = "<group>"; };
		84B04CE525E7FE3900D3A26D /* ViewController.swift */ = {isa = PBXFileReference; lastKnownFileType = sourcecode.swift; path = ViewController.swift; sourceTree = "<group>"; };
		84B04CE825E7FE3900D3A26D /* Base */ = {isa = PBXFileReference; lastKnownFileType = file.storyboard; name = Base; path = Base.lproj/Main.storyboard; sourceTree = "<group>"; };
		84B04CEA25E7FE3D00D3A26D /* Assets.xcassets */ = {isa = PBXFileReference; lastKnownFileType = folder.assetcatalog; path = Assets.xcassets; sourceTree = "<group>"; };
		84B04CED25E7FE3D00D3A26D /* Base */ = {isa = PBXFileReference; lastKnownFileType = file.storyboard; name = Base; path = Base.lproj/LaunchScreen.storyboard; sourceTree = "<group>"; };
		84B04CEF25E7FE3D00D3A26D /* Info.plist */ = {isa = PBXFileReference; lastKnownFileType = text.plist.xml; path = Info.plist; sourceTree = "<group>"; };
		84B04CF825E7FE9400D3A26D /* PlayingCard.swift */ = {isa = PBXFileReference; lastKnownFileType = sourcecode.swift; path = PlayingCard.swift; sourceTree = "<group>"; };
		84B04CFB25E810F100D3A26D /* PlayingCardDeck.swift */ = {isa = PBXFileReference; lastKnownFileType = sourcecode.swift; path = PlayingCardDeck.swift; sourceTree = "<group>"; };
/* End PBXFileReference section */

/* Begin PBXFrameworksBuildPhase section */
		84B04CDB25E7FE3900D3A26D /* Frameworks */ = {
			isa = PBXFrameworksBuildPhase;
			buildActionMask = 2147483647;
			files = (
			);
			runOnlyForDeploymentPostprocessing = 0;
		};
/* End PBXFrameworksBuildPhase section */

/* Begin PBXGroup section */
		84B04CD525E7FE3900D3A26D = {
			isa = PBXGroup;
			children = (
				84B04CE025E7FE3900D3A26D /* PlayingCard */,
				84B04CDF25E7FE3900D3A26D /* Products */,
			);
			sourceTree = "<group>";
		};
		84B04CDF25E7FE3900D3A26D /* Products */ = {
			isa = PBXGroup;
			children = (
				84B04CDE25E7FE3900D3A26D /* PlayingCard.app */,
			);
			name = Products;
			sourceTree = "<group>";
		};
		84B04CE025E7FE3900D3A26D /* PlayingCard */ = {
			isa = PBXGroup;
			children = (
				84B04CE525E7FE3900D3A26D /* ViewController.swift */,
				8461493425EB819D00C5CE7C /* PlayingCardView.swift */,
				84B04CE725E7FE3900D3A26D /* Main.storyboard */,
				84B04CEA25E7FE3D00D3A26D /* Assets.xcassets */,
				84B04CF625E7FE6800D3A26D /* Supporting Files */,
				84B04CEF25E7FE3D00D3A26D /* Info.plist */,
				84B04CF825E7FE9400D3A26D /* PlayingCard.swift */,
				84B04CFB25E810F100D3A26D /* PlayingCardDeck.swift */,
			);
			path = PlayingCard;
			sourceTree = "<group>";
		};
		84B04CF625E7FE6800D3A26D /* Supporting Files */ = {
			isa = PBXGroup;
			children = (
				84B04CE125E7FE3900D3A26D /* AppDelegate.swift */,
				84B04CE325E7FE3900D3A26D /* SceneDelegate.swift */,
				84B04CEC25E7FE3D00D3A26D /* LaunchScreen.storyboard */,
			);
			path = "Supporting Files";
			sourceTree = "<group>";
		};
/* End PBXGroup section */

/* Begin PBXNativeTarget section */
		84B04CDD25E7FE3900D3A26D /* PlayingCard */ = {
			isa = PBXNativeTarget;
			buildConfigurationList = 84B04CF225E7FE3D00D3A26D /* Build configuration list for PBXNativeTarget "PlayingCard" */;
			buildPhases = (
				84B04CDA25E7FE3900D3A26D /* Sources */,
				84B04CDB25E7FE3900D3A26D /* Frameworks */,
				84B04CDC25E7FE3900D3A26D /* Resources */,
			);
			buildRules = (
			);
			dependencies = (
			);
			name = PlayingCard;
			productName = PlayingCard;
			productReference = 84B04CDE25E7FE3900D3A26D /* PlayingCard.app */;
			productType = "com.apple.product-type.application";
		};
/* End PBXNativeTarget section */

/* Begin PBXProject section */
		84B04CD625E7FE3900D3A26D /* Project object */ = {
			isa = PBXProject;
			attributes = {
				LastSwiftUpdateCheck = 1240;
				LastUpgradeCheck = 1240;
				TargetAttributes = {
					84B04CDD25E7FE3900D3A26D = {
						CreatedOnToolsVersion = 12.4;
					};
				};
			};
			buildConfigurationList = 84B04CD925E7FE3900D3A26D /* Build configuration list for PBXProject "PlayingCard" */;
			compatibilityVersion = "Xcode 9.3";
			developmentRegion = en;
			hasScannedForEncodings = 0;
			knownRegions = (
				en,
				Base,
			);
			mainGroup = 84B04CD525E7FE3900D3A26D;
			productRefGroup = 84B04CDF25E7FE3900D3A26D /* Products */;
			projectDirPath = "";
			projectRoot = "";
			targets = (
				84B04CDD25E7FE3900D3A26D /* PlayingCard */,
			);
		};
/* End PBXProject section */

/* Begin PBXResourcesBuildPhase section */
		84B04CDC25E7FE3900D3A26D /* Resources */ = {
			isa = PBXResourcesBuildPhase;
			buildActionMask = 2147483647;
			files = (
				84B04CEE25E7FE3D00D3A26D /* LaunchScreen.storyboard in Resources */,
				84B04CEB25E7FE3D00D3A26D /* Assets.xcassets in Resources */,
				84B04CE925E7FE3900D3A26D /* Main.storyboard in Resources */,
			);
			runOnlyForDeploymentPostprocessing = 0;
		};
/* End PBXResourcesBuildPhase section */

/* Begin PBXSourcesBuildPhase section */
		84B04CDA25E7FE3900D3A26D /* Sources */ = {
			isa = PBXSourcesBuildPhase;
			buildActionMask = 2147483647;
			files = (
				84B04CE625E7FE3900D3A26D /* ViewController.swift in Sources */,
				8461493525EB819D00C5CE7C /* PlayingCardView.swift in Sources */,
				84B04CE225E7FE3900D3A26D /* AppDelegate.swift in Sources */,
				84B04CFC25E810F100D3A26D /* PlayingCardDeck.swift in Sources */,
				84B04CF925E7FE9400D3A26D /* PlayingCard.swift in Sources */,
				84B04CE425E7FE3900D3A26D /* SceneDelegate.swift in Sources */,
			);
			runOnlyForDeploymentPostprocessing = 0;
		};
/* End PBXSourcesBuildPhase section */

/* Begin PBXVariantGroup section */
		84B04CE725E7FE3900D3A26D /* Main.storyboard */ = {
			isa = PBXVariantGroup;
			children = (
				84B04CE825E7FE3900D3A26D /* Base */,
			);
			name = Main.storyboard;
			sourceTree = "<group>";
		};
		84B04CEC25E7FE3D00D3A26D /* LaunchScreen.storyboard */ = {
			isa = PBXVariantGroup;
			children = (
				84B04CED25E7FE3D00D3A26D /* Base */,
			);
			name = LaunchScreen.storyboard;
			sourceTree = "<group>";
		};
/* End PBXVariantGroup section */

/* Begin XCBuildConfiguration section */
		84B04CF025E7FE3D00D3A26D /* Debug */ = {
			isa = XCBuildConfiguration;
			buildSettings = {
				ALWAYS_SEARCH_USER_PATHS = NO;
				CLANG_ANALYZER_NONNULL = YES;
				CLANG_ANALYZER_NUMBER_OBJECT_CONVERSION = YES_AGGRESSIVE;
				CLANG_CXX_LANGUAGE_STANDARD = "gnu++14";
				CLANG_CXX_LIBRARY = "libc++";
				CLANG_ENABLE_MODULES = YES;
				CLANG_ENABLE_OBJC_ARC = YES;
				CLANG_ENABLE_OBJC_WEAK = YES;
				CLANG_WARN_BLOCK_CAPTURE_AUTORELEASING = YES;
				CLANG_WARN_BOOL_CONVERSION = YES;
				CLANG_WARN_COMMA = YES;
				CLANG_WARN_CONSTANT_CONVERSION = YES;
				CLANG_WARN_DEPRECATED_OBJC_IMPLEMENTATIONS = YES;
				CLANG_WARN_DIRECT_OBJC_ISA_USAGE = YES_ERROR;
				CLANG_WARN_DOCUMENTATION_COMMENTS = YES;
				CLANG_WARN_EMPTY_BODY = YES;
				CLANG_WARN_ENUM_CONVERSION = YES;
				CLANG_WARN_INFINITE_RECURSION = YES;
				CLANG_WARN_INT_CONVERSION = YES;
				CLANG_WARN_NON_LITERAL_NULL_CONVERSION = YES;
				CLANG_WARN_OBJC_IMPLICIT_RETAIN_SELF = YES;
				CLANG_WARN_OBJC_LITERAL_CONVERSION = YES;
				CLANG_WARN_OBJC_ROOT_CLASS = YES_ERROR;
				CLANG_WARN_QUOTED_INCLUDE_IN_FRAMEWORK_HEADER = YES;
				CLANG_WARN_RANGE_LOOP_ANALYSIS = YES;
				CLANG_WARN_STRICT_PROTOTYPES = YES;
				CLANG_WARN_SUSPICIOUS_MOVE = YES;
				CLANG_WARN_UNGUARDED_AVAILABILITY = YES_AGGRESSIVE;
				CLANG_WARN_UNREACHABLE_CODE = YES;
				CLANG_WARN__DUPLICATE_METHOD_MATCH = YES;
				COPY_PHASE_STRIP = NO;
				DEBUG_INFORMATION_FORMAT = dwarf;
				ENABLE_STRICT_OBJC_MSGSEND = YES;
				ENABLE_TESTABILITY = YES;
				GCC_C_LANGUAGE_STANDARD = gnu11;
				GCC_DYNAMIC_NO_PIC = NO;
				GCC_NO_COMMON_BLOCKS = YES;
				GCC_OPTIMIZATION_LEVEL = 0;
				GCC_PREPROCESSOR_DEFINITIONS = (
					"DEBUG=1",
					"$(inherited)",
				);
				GCC_WARN_64_TO_32_BIT_CONVERSION = YES;
				GCC_WARN_ABOUT_RETURN_TYPE = YES_ERROR;
				GCC_WARN_UNDECLARED_SELECTOR = YES;
				GCC_WARN_UNINITIALIZED_AUTOS = YES_AGGRESSIVE;
				GCC_WARN_UNUSED_FUNCTION = YES;
				GCC_WARN_UNUSED_VARIABLE = YES;
				IPHONEOS_DEPLOYMENT_TARGET = 14.4;
				MTL_ENABLE_DEBUG_INFO = INCLUDE_SOURCE;
				MTL_FAST_MATH = YES;
				ONLY_ACTIVE_ARCH = YES;
				SDKROOT = iphoneos;
				SWIFT_ACTIVE_COMPILATION_CONDITIONS = DEBUG;
				SWIFT_OPTIMIZATION_LEVEL = "-Onone";
			};
			name = Debug;
		};
		84B04CF125E7FE3D00D3A26D /* Release */ = {
			isa = XCBuildConfiguration;
			buildSettings = {
				ALWAYS_SEARCH_USER_PATHS = NO;
				CLANG_ANALYZER_NONNULL = YES;
				CLANG_ANALYZER_NUMBER_OBJECT_CONVERSION = YES_AGGRESSIVE;
				CLANG_CXX_LANGUAGE_STANDARD = "gnu++14";
				CLANG_CXX_LIBRARY = "libc++";
				CLANG_ENABLE_MODULES = YES;
				CLANG_ENABLE_OBJC_ARC = YES;
				CLANG_ENABLE_OBJC_WEAK = YES;
				CLANG_WARN_BLOCK_CAPTURE_AUTORELEASING = YES;
				CLANG_WARN_BOOL_CONVERSION = YES;
				CLANG_WARN_COMMA = YES;
				CLANG_WARN_CONSTANT_CONVERSION = YES;
				CLANG_WARN_DEPRECATED_OBJC_IMPLEMENTATIONS = YES;
				CLANG_WARN_DIRECT_OBJC_ISA_USAGE = YES_ERROR;
				CLANG_WARN_DOCUMENTATION_COMMENTS = YES;
				CLANG_WARN_EMPTY_BODY = YES;
				CLANG_WARN_ENUM_CONVERSION = YES;
				CLANG_WARN_INFINITE_RECURSION = YES;
				CLANG_WARN_INT_CONVERSION = YES;
				CLANG_WARN_NON_LITERAL_NULL_CONVERSION = YES;
				CLANG_WARN_OBJC_IMPLICIT_RETAIN_SELF = YES;
				CLANG_WARN_OBJC_LITERAL_CONVERSION = YES;
				CLANG_WARN_OBJC_ROOT_CLASS = YES_ERROR;
				CLANG_WARN_QUOTED_INCLUDE_IN_FRAMEWORK_HEADER = YES;
				CLANG_WARN_RANGE_LOOP_ANALYSIS = YES;
				CLANG_WARN_STRICT_PROTOTYPES = YES;
				CLANG_WARN_SUSPICIOUS_MOVE = YES;
				CLANG_WARN_UNGUARDED_AVAILABILITY = YES_AGGRESSIVE;
				CLANG_WARN_UNREACHABLE_CODE = YES;
				CLANG_WARN__DUPLICATE_METHOD_MATCH = YES;
				COPY_PHASE_STRIP = NO;
				DEBUG_INFORMATION_FORMAT = "dwarf-with-dsym";
				ENABLE_NS_ASSERTIONS = NO;
				ENABLE_STRICT_OBJC_MSGSEND = YES;
				GCC_C_LANGUAGE_STANDARD = gnu11;
				GCC_NO_COMMON_BLOCKS = YES;
				GCC_WARN_64_TO_32_BIT_CONVERSION = YES;
				GCC_WARN_ABOUT_RETURN_TYPE = YES_ERROR;
				GCC_WARN_UNDECLARED_SELECTOR = YES;
				GCC_WARN_UNINITIALIZED_AUTOS = YES_AGGRESSIVE;
				GCC_WARN_UNUSED_FUNCTION = YES;
				GCC_WARN_UNUSED_VARIABLE = YES;
				IPHONEOS_DEPLOYMENT_TARGET = 14.4;
				MTL_ENABLE_DEBUG_INFO = NO;
				MTL_FAST_MATH = YES;
				SDKROOT = iphoneos;
				SWIFT_COMPILATION_MODE = wholemodule;
				SWIFT_OPTIMIZATION_LEVEL = "-O";
				VALIDATE_PRODUCT = YES;
			};
			name = Release;
		};
		84B04CF325E7FE3D00D3A26D /* Debug */ = {
			isa = XCBuildConfiguration;
			buildSettings = {
				ASSETCATALOG_COMPILER_APPICON_NAME = AppIcon;
				ASSETCATALOG_COMPILER_GLOBAL_ACCENT_COLOR_NAME = AccentColor;
				CODE_SIGN_STYLE = Automatic;
				INFOPLIST_FILE = PlayingCard/Info.plist;
				LD_RUNPATH_SEARCH_PATHS = (
					"$(inherited)",
					"@executable_path/Frameworks",
				);
				PRODUCT_BUNDLE_IDENTIFIER = com.chat.list.PlayingCard;
				PRODUCT_NAME = "$(TARGET_NAME)";
				SWIFT_VERSION = 5.0;
				TARGETED_DEVICE_FAMILY = "1,2";
			};
			name = Debug;
		};
		84B04CF425E7FE3D00D3A26D /* Release */ = {
			isa = XCBuildConfiguration;
			buildSettings = {
				ASSETCATALOG_COMPILER_APPICON_NAME = AppIcon;
				ASSETCATALOG_COMPILER_GLOBAL_ACCENT_COLOR_NAME = AccentColor;
				CODE_SIGN_STYLE = Automatic;
				INFOPLIST_FILE = PlayingCard/Info.plist;
				LD_RUNPATH_SEARCH_PATHS = (
					"$(inherited)",
					"@executable_path/Frameworks",
				);
				PRODUCT_BUNDLE_IDENTIFIER = com.chat.list.PlayingCard;
				PRODUCT_NAME = "$(TARGET_NAME)";
				SWIFT_VERSION = 5.0;
				TARGETED_DEVICE_FAMILY = "1,2";
			};
			name = Release;
		};
/* End XCBuildConfiguration section */

/* Begin XCConfigurationList section */
		84B04CD925E7FE3900D3A26D /* Build configuration list for PBXProject "PlayingCard" */ = {
			isa = XCConfigurationList;
			buildConfigurations = (
				84B04CF025E7FE3D00D3A26D /* Debug */,
				84B04CF125E7FE3D00D3A26D /* Release */,
			);
			defaultConfigurationIsVisible = 0;
			defaultConfigurationName = Release;
		};
		84B04CF225E7FE3D00D3A26D /* Build configuration list for PBXNativeTarget "PlayingCard" */ = {
			isa = XCConfigurationList;
			buildConfigurations = (
				84B04CF325E7FE3D00D3A26D /* Debug */,
				84B04CF425E7FE3D00D3A26D /* Release */,
			);
			defaultConfigurationIsVisible = 0;
			defaultConfigurationName = Release;
		};
/* End XCConfigurationList section */
	};
	rootObject = 84B04CD625E7FE3900D3A26D /* Project object */;
}
